
Microsoft Visual Studio Solution File, Format Version 12.00
# Visual Studio Version 17
VisualStudioVersion = 17.11.35327.3
MinimumVisualStudioVersion = 10.0.40219.1
Project("{9A19103F-16F7-4668-BE54-9A1E7A4F7556}") = "EdFi.AdminConsole.InstanceManagementWorker", "EdFi.AdminConsole.InstanceManagementWorker\EdFi.AdminConsole.InstanceManagementWorker.csproj", "{372F74C2-5769-43C2-A5A9-0FAB4A61536F}"
EndProject
Global
	GlobalSection(SolutionConfigurationPlatforms) = preSolution
		Debug|Any CPU = Debug|Any CPU
		Release|Any CPU = Release|Any CPU
	EndGlobalSection
	GlobalSection(ProjectConfigurationPlatforms) = postSolution
		{372F74C2-5769-43C2-A5A9-0FAB4A61536F}.Debug|Any CPU.ActiveCfg = Debug|Any CPU
		{372F74C2-5769-43C2-A5A9-0FAB4A61536F}.Debug|Any CPU.Build.0 = Debug|Any CPU
		{372F74C2-5769-43C2-A5A9-0FAB4A61536F}.Release|Any CPU.ActiveCfg = Release|Any CPU
		{372F74C2-5769-43C2-A5A9-0FAB4A61536F}.Release|Any CPU.Build.0 = Release|Any CPU
	EndGlobalSection
	GlobalSection(SolutionProperties) = preSolution
		HideSolutionNode = FALSE
	EndGlobalSection
	GlobalSection(ExtensibilityGlobals) = postSolution
		SolutionGuid = {26E960CE-2D68-4763-A78A-1EB3DA59E723}
	EndGlobalSection
EndGlobal
